
Microsoft Visual Studio Solution File, Format Version 12.00
# Visual Studio Version 17
VisualStudioVersion = 17.9.34728.123
MinimumVisualStudioVersion = 10.0.40219.1
Project("{FAE04EC0-301F-11D3-BF4B-00C04F79EFBC}") = "WpfApp1", "WpfApp1\WpfApp1.csproj", "{328BE2D7-69BB-4E29-AF1B-9D72ADFE5D9E}"
EndProject
Project("{FAE04EC0-301F-11D3-BF4B-00C04F79EFBC}") = "Students", "Students\Students.csproj", "{33A4E807-FADA-4523-8E41-5D85391EA327}"
EndProject
Global
	GlobalSection(SolutionConfigurationPlatforms) = preSolution
		Debug|Any CPU = Debug|Any CPU
		Release|Any CPU = Release|Any CPU
	EndGlobalSection
	GlobalSection(ProjectConfigurationPlatforms) = postSolution
		{328BE2D7-69BB-4E29-AF1B-9D72ADFE5D9E}.Debug|Any CPU.ActiveCfg = Debug|Any CPU
		{328BE2D7-69BB-4E29-AF1B-9D72ADFE5D9E}.Debug|Any CPU.Build.0 = Debug|Any CPU
		{328BE2D7-69BB-4E29-AF1B-9D72ADFE5D9E}.Release|Any CPU.ActiveCfg = Release|Any CPU
		{328BE2D7-69BB-4E29-AF1B-9D72ADFE5D9E}.Release|Any CPU.Build.0 = Release|Any CPU
		{33A4E807-FADA-4523-8E41-5D85391EA327}.Debug|Any CPU.ActiveCfg = Debug|Any CPU
		{33A4E807-FADA-4523-8E41-5D85391EA327}.Debug|Any CPU.Build.0 = Debug|Any CPU
		{33A4E807-FADA-4523-8E41-5D85391EA327}.Release|Any CPU.ActiveCfg = Release|Any CPU
		{33A4E807-FADA-4523-8E41-5D85391EA327}.Release|Any CPU.Build.0 = Release|Any CPU
	EndGlobalSection
	GlobalSection(SolutionProperties) = preSolution
		HideSolutionNode = FALSE
	EndGlobalSection
	GlobalSection(ExtensibilityGlobals) = postSolution
		SolutionGuid = {53055300-1214-437F-AC56-E5025392A9F7}
	EndGlobalSection
EndGlobal
